
Microsoft Visual Studio Solution File, Format Version 12.00
# Visual Studio Version 17
VisualStudioVersion = 17.14.37216.2 d17.14
MinimumVisualStudioVersion = 10.0.40219.1
Project("{FAE04EC0-301F-11D3-BF4B-00C04F79EFBC}") = "MauiAppMinhasCompras", "MauiAppMinhasCompras\MauiAppMinhasCompras.csproj", "{96E615BA-60F1-4C5A-8355-24CF0D31A4FA}"
EndProject
Global
	GlobalSection(SolutionConfigurationPlatforms) = preSolution
		Debug|Any CPU = Debug|Any CPU
		Release|Any CPU = Release|Any CPU
	EndGlobalSection
	GlobalSection(ProjectConfigurationPlatforms) = postSolution
		{96E615BA-60F1-4C5A-8355-24CF0D31A4FA}.Debug|Any CPU.ActiveCfg = Debug|Any CPU
		{96E615BA-60F1-4C5A-8355-24CF0D31A4FA}.Debug|Any CPU.Build.0 = Debug|Any CPU
		{96E615BA-60F1-4C5A-8355-24CF0D31A4FA}.Debug|Any CPU.Deploy.0 = Debug|Any CPU
		{96E615BA-60F1-4C5A-8355-24CF0D31A4FA}.Release|Any CPU.ActiveCfg = Release|Any CPU
		{96E615BA-60F1-4C5A-8355-24CF0D31A4FA}.Release|Any CPU.Build.0 = Release|Any CPU
		{96E615BA-60F1-4C5A-8355-24CF0D31A4FA}.Release|Any CPU.Deploy.0 = Release|Any CPU
	EndGlobalSection
	GlobalSection(SolutionProperties) = preSolution
		HideSolutionNode = FALSE
	EndGlobalSection
	GlobalSection(ExtensibilityGlobals) = postSolution
		SolutionGuid = {05663F0E-2304-4F1B-A5C0-F6D7009BF138}
	EndGlobalSection
EndGlobal
